
Microsoft Visual Studio Solution File, Format Version 12.00
# Visual Studio Version 17
VisualStudioVersion = 17.10.35004.147
MinimumVisualStudioVersion = 10.0.40219.1
Project("{2150E333-8FDC-42A3-9474-1A3956D46DE8}") = "src", "src", "{6B097D8B-0BF0-4808-9117-D7039E92BBF4}"
EndProject
Project("{2150E333-8FDC-42A3-9474-1A3956D46DE8}") = "API KEY", "API KEY", "{6A84F57B-5FE1-463F-93B4-7F92FBD0C67B}"
EndProject
Project("{2150E333-8FDC-42A3-9474-1A3956D46DE8}") = "JWT", "JWT", "{76DB3712-285F-4710-B4DA-A29F273FC0A7}"
EndProject
Project("{2150E333-8FDC-42A3-9474-1A3956D46DE8}") = "OAuth 2.0 com JWT", "OAuth 2.0 com JWT", "{D9CF0C51-3AF8-45EA-8FB0-91C42D3C4C23}"
EndProject
Project("{2150E333-8FDC-42A3-9474-1A3956D46DE8}") = "Publica", "Publica", "{94E52C69-4AE8-4E22-A30C-5CE8336D8224}"
EndProject
Project("{2150E333-8FDC-42A3-9474-1A3956D46DE8}") = "Criacao", "Criacao", "{03AD5B9F-8AA8-4AD4-8B24-8C62FD8D58ED}"
EndProject
Project("{2150E333-8FDC-42A3-9474-1A3956D46DE8}") = "Consumo", "Consumo", "{92851DC6-21F8-4C51-A647-840B865E31DD}"
EndProject
Project("{9A19103F-16F7-4668-BE54-9A1E7A4F7556}") = "ApiExplorer.Publica__Criacao", "..\ApiExplorer.Publica__Criacao\ApiExplorer.Publica__Criacao.csproj", "{ADFCCE0F-0D89-4736-B3EA-91FA4963633F}"
EndProject
Project("{9A19103F-16F7-4668-BE54-9A1E7A4F7556}") = "ApiExplorer.Publica__Consumo", "..\ApiExplorer.Publica__Consumo\ApiExplorer.Publica__Consumo.csproj", "{57B46D54-A802-4A27-BB46-2BB4273D13FF}"
EndProject
Project("{2150E333-8FDC-42A3-9474-1A3956D46DE8}") = "Criacao", "Criacao", "{5EA2E24E-056F-4009-A1ED-75383D9915F8}"
EndProject
Project("{2150E333-8FDC-42A3-9474-1A3956D46DE8}") = "Consumo", "Consumo", "{9FF5DE08-1DEB-45EF-ADE3-27997785050A}"
EndProject
Project("{9A19103F-16F7-4668-BE54-9A1E7A4F7556}") = "ApiExplorer.API-KEY__Criacao", "ApiExplorer.API-KEY__Criacao\ApiExplorer.API-KEY__Criacao.csproj", "{DC1AC211-BFAF-499F-8005-79036A88C156}"
EndProject
Project("{9A19103F-16F7-4668-BE54-9A1E7A4F7556}") = "ApiExplorer.API-KEY__Consumo", "ApiExplorer.API-KEY__Consumo\ApiExplorer.API-KEY__Consumo.csproj", "{C525574D-2DC3-4A5F-872C-9DFB3D2EB7D1}"
EndProject
Project("{2150E333-8FDC-42A3-9474-1A3956D46DE8}") = "Criacao", "Criacao", "{761033C6-4154-48B9-B5B2-0B3C04966F98}"
EndProject
Project("{2150E333-8FDC-42A3-9474-1A3956D46DE8}") = "Consumo", "Consumo", "{797FF059-0C0F-4359-A487-7F764B4CE975}"
EndProject
Project("{9A19103F-16F7-4668-BE54-9A1E7A4F7556}") = "ApiExplorer.JWT__Consumo", "ApiExplorer.JWT__Consumo\ApiExplorer.JWT__Consumo.csproj", "{96E0FFB1-81E6-4F20-A2A4-ADECED96EA3C}"
EndProject
Project("{9A19103F-16F7-4668-BE54-9A1E7A4F7556}") = "ApiExplorer.JWT__Criacao", "ApiExplorer.JWT__Criacao\ApiExplorer.JWT__Criacao.csproj", "{75351D3D-FECC-410A-8373-D3CA5C5C446F}"
EndProject
Project("{2150E333-8FDC-42A3-9474-1A3956D46DE8}") = "Criacao", "Criacao", "{BE2F3C5B-D518-445D-AE64-E41C6305C54B}"
EndProject
Project("{2150E333-8FDC-42A3-9474-1A3956D46DE8}") = "Consumo", "Consumo", "{25EC761F-7EC7-4D74-BDF8-EE0EE06A3ABE}"
EndProject
Project("{9A19103F-16F7-4668-BE54-9A1E7A4F7556}") = "ApiExplorer.OAuth2.0ComJWT__Criacao", "ApiExplorer.OAuth2.0ComJWT__Criacao\ApiExplorer.OAuth2.0ComJWT__Criacao.csproj", "{BB049E4C-3722-4207-9269-3BC3B48B434B}"
EndProject
Project("{FAE04EC0-301F-11D3-BF4B-00C04F79EFBC}") = "ApiExplorer.OAuth2.0ComJWT__Consumo", "ApiExplorer.OAuth2.0ComJWT__Consumo\ApiExplorer.OAuth2.0ComJWT__Consumo.csproj", "{70D52606-21DB-4B80-9611-5D62931BDC3C}"
EndProject
Global
	GlobalSection(SolutionConfigurationPlatforms) = preSolution
		Debug|Any CPU = Debug|Any CPU
		Release|Any CPU = Release|Any CPU
	EndGlobalSection
	GlobalSection(ProjectConfigurationPlatforms) = postSolution
		{ADFCCE0F-0D89-4736-B3EA-91FA4963633F}.Debug|Any CPU.ActiveCfg = Debug|Any CPU
		{ADFCCE0F-0D89-4736-B3EA-91FA4963633F}.Debug|Any CPU.Build.0 = Debug|Any CPU
		{ADFCCE0F-0D89-4736-B3EA-91FA4963633F}.Release|Any CPU.ActiveCfg = Release|Any CPU
		{ADFCCE0F-0D89-4736-B3EA-91FA4963633F}.Release|Any CPU.Build.0 = Release|Any CPU
		{57B46D54-A802-4A27-BB46-2BB4273D13FF}.Debug|Any CPU.ActiveCfg = Debug|Any CPU
		{57B46D54-A802-4A27-BB46-2BB4273D13FF}.Debug|Any CPU.Build.0 = Debug|Any CPU
		{57B46D54-A802-4A27-BB46-2BB4273D13FF}.Release|Any CPU.ActiveCfg = Release|Any CPU
		{57B46D54-A802-4A27-BB46-2BB4273D13FF}.Release|Any CPU.Build.0 = Release|Any CPU
		{DC1AC211-BFAF-499F-8005-79036A88C156}.Debug|Any CPU.ActiveCfg = Debug|Any CPU
		{DC1AC211-BFAF-499F-8005-79036A88C156}.Debug|Any CPU.Build.0 = Debug|Any CPU
		{DC1AC211-BFAF-499F-8005-79036A88C156}.Release|Any CPU.ActiveCfg = Release|Any CPU
		{DC1AC211-BFAF-499F-8005-79036A88C156}.Release|Any CPU.Build.0 = Release|Any CPU
		{C525574D-2DC3-4A5F-872C-9DFB3D2EB7D1}.Debug|Any CPU.ActiveCfg = Debug|Any CPU
		{C525574D-2DC3-4A5F-872C-9DFB3D2EB7D1}.Debug|Any CPU.Build.0 = Debug|Any CPU
		{C525574D-2DC3-4A5F-872C-9DFB3D2EB7D1}.Release|Any CPU.ActiveCfg = Release|Any CPU
		{C525574D-2DC3-4A5F-872C-9DFB3D2EB7D1}.Release|Any CPU.Build.0 = Release|Any CPU
		{96E0FFB1-81E6-4F20-A2A4-ADECED96EA3C}.Debug|Any CPU.ActiveCfg = Debug|Any CPU
		{96E0FFB1-81E6-4F20-A2A4-ADECED96EA3C}.Debug|Any CPU.Build.0 = Debug|Any CPU
		{96E0FFB1-81E6-4F20-A2A4-ADECED96EA3C}.Release|Any CPU.ActiveCfg = Release|Any CPU
		{96E0FFB1-81E6-4F20-A2A4-ADECED96EA3C}.Release|Any CPU.Build.0 = Release|Any CPU
		{75351D3D-FECC-410A-8373-D3CA5C5C446F}.Debug|Any CPU.ActiveCfg = Debug|Any CPU
		{75351D3D-FECC-410A-8373-D3CA5C5C446F}.Debug|Any CPU.Build.0 = Debug|Any CPU
		{75351D3D-FECC-410A-8373-D3CA5C5C446F}.Release|Any CPU.ActiveCfg = Release|Any CPU
		{75351D3D-FECC-410A-8373-D3CA5C5C446F}.Release|Any CPU.Build.0 = Release|Any CPU
		{BB049E4C-3722-4207-9269-3BC3B48B434B}.Debug|Any CPU.ActiveCfg = Debug|Any CPU
		{BB049E4C-3722-4207-9269-3BC3B48B434B}.Debug|Any CPU.Build.0 = Debug|Any CPU
		{BB049E4C-3722-4207-9269-3BC3B48B434B}.Release|Any CPU.ActiveCfg = Release|Any CPU
		{BB049E4C-3722-4207-9269-3BC3B48B434B}.Release|Any CPU.Build.0 = Release|Any CPU
		{70D52606-21DB-4B80-9611-5D62931BDC3C}.Debug|Any CPU.ActiveCfg = Debug|Any CPU
		{70D52606-21DB-4B80-9611-5D62931BDC3C}.Debug|Any CPU.Build.0 = Debug|Any CPU
		{70D52606-21DB-4B80-9611-5D62931BDC3C}.Release|Any CPU.ActiveCfg = Release|Any CPU
		{70D52606-21DB-4B80-9611-5D62931BDC3C}.Release|Any CPU.Build.0 = Release|Any CPU
	EndGlobalSection
	GlobalSection(SolutionProperties) = preSolution
		HideSolutionNode = FALSE
	EndGlobalSection
	GlobalSection(NestedProjects) = preSolution
		{6A84F57B-5FE1-463F-93B4-7F92FBD0C67B} = {6B097D8B-0BF0-4808-9117-D7039E92BBF4}
		{76DB3712-285F-4710-B4DA-A29F273FC0A7} = {6B097D8B-0BF0-4808-9117-D7039E92BBF4}
		{D9CF0C51-3AF8-45EA-8FB0-91C42D3C4C23} = {6B097D8B-0BF0-4808-9117-D7039E92BBF4}
		{94E52C69-4AE8-4E22-A30C-5CE8336D8224} = {6B097D8B-0BF0-4808-9117-D7039E92BBF4}
		{03AD5B9F-8AA8-4AD4-8B24-8C62FD8D58ED} = {94E52C69-4AE8-4E22-A30C-5CE8336D8224}
		{92851DC6-21F8-4C51-A647-840B865E31DD} = {94E52C69-4AE8-4E22-A30C-5CE8336D8224}
		{ADFCCE0F-0D89-4736-B3EA-91FA4963633F} = {03AD5B9F-8AA8-4AD4-8B24-8C62FD8D58ED}
		{57B46D54-A802-4A27-BB46-2BB4273D13FF} = {92851DC6-21F8-4C51-A647-840B865E31DD}
		{5EA2E24E-056F-4009-A1ED-75383D9915F8} = {6A84F57B-5FE1-463F-93B4-7F92FBD0C67B}
		{9FF5DE08-1DEB-45EF-ADE3-27997785050A} = {6A84F57B-5FE1-463F-93B4-7F92FBD0C67B}
		{DC1AC211-BFAF-499F-8005-79036A88C156} = {5EA2E24E-056F-4009-A1ED-75383D9915F8}
		{C525574D-2DC3-4A5F-872C-9DFB3D2EB7D1} = {9FF5DE08-1DEB-45EF-ADE3-27997785050A}
		{761033C6-4154-48B9-B5B2-0B3C04966F98} = {76DB3712-285F-4710-B4DA-A29F273FC0A7}
		{797FF059-0C0F-4359-A487-7F764B4CE975} = {76DB3712-285F-4710-B4DA-A29F273FC0A7}
		{96E0FFB1-81E6-4F20-A2A4-ADECED96EA3C} = {797FF059-0C0F-4359-A487-7F764B4CE975}
		{75351D3D-FECC-410A-8373-D3CA5C5C446F} = {761033C6-4154-48B9-B5B2-0B3C04966F98}
		{BE2F3C5B-D518-445D-AE64-E41C6305C54B} = {D9CF0C51-3AF8-45EA-8FB0-91C42D3C4C23}
		{25EC761F-7EC7-4D74-BDF8-EE0EE06A3ABE} = {D9CF0C51-3AF8-45EA-8FB0-91C42D3C4C23}
		{BB049E4C-3722-4207-9269-3BC3B48B434B} = {BE2F3C5B-D518-445D-AE64-E41C6305C54B}
		{70D52606-21DB-4B80-9611-5D62931BDC3C} = {25EC761F-7EC7-4D74-BDF8-EE0EE06A3ABE}
	EndGlobalSection
	GlobalSection(ExtensibilityGlobals) = postSolution
		SolutionGuid = {A8A90E5F-AD48-4368-B7A7-AE642629E755}
	EndGlobalSection
EndGlobal
